
Microsoft Visual Studio Solution File, Format Version 12.00
# Visual Studio 15
VisualStudioVersion = 15.0.28307.1022
MinimumVisualStudioVersion = 10.0.40219.1
Project("{FAE04EC0-301F-11D3-BF4B-00C04F79EFBC}") = "MVCLogin", "MVCLogin\MVCLogin.csproj", "{5515A5D8-6827-4C7F-975D-E81F06959E1D}"
EndProject
Global
	GlobalSection(SolutionConfigurationPlatforms) = preSolution
		Debug|Any CPU = Debug|Any CPU
		Release|Any CPU = Release|Any CPU
	EndGlobalSection
	GlobalSection(ProjectConfigurationPlatforms) = postSolution
		{5515A5D8-6827-4C7F-975D-E81F06959E1D}.Debug|Any CPU.ActiveCfg = Debug|Any CPU
		{5515A5D8-6827-4C7F-975D-E81F06959E1D}.Debug|Any CPU.Build.0 = Debug|Any CPU
		{5515A5D8-6827-4C7F-975D-E81F06959E1D}.Release|Any CPU.ActiveCfg = Release|Any CPU
		{5515A5D8-6827-4C7F-975D-E81F06959E1D}.Release|Any CPU.Build.0 = Release|Any CPU
	EndGlobalSection
	GlobalSection(SolutionProperties) = preSolution
		HideSolutionNode = FALSE
	EndGlobalSection
	GlobalSection(ExtensibilityGlobals) = postSolution
		SolutionGuid = {F0349A0E-AD02-49BF-8A2D-421C7DE4B949}
	EndGlobalSection
EndGlobal
